// !$*UTF8*$!
{
	archiveVersion = 1;
	classes = {
	};
	objectVersion = 55;
	objects = {

/* Begin PBXBuildFile section */
		C77FD0E628AC42370085AEF7 /* Roboto-Medium.ttf in Resources */ = {isa = PBXBuildFile; fileRef = C77FD0E528AC42370085AEF7 /* Roboto-Medium.ttf */; };
		C77FD0E828AC427A0085AEF7 /* Roboto-Black.ttf in Resources */ = {isa = PBXBuildFile; fileRef = C77FD0E728AC427A0085AEF7 /* Roboto-Black.ttf */; };
		C77FD0EA28AC42900085AEF7 /* Roboto-Regular.ttf in Resources */ = {isa = PBXBuildFile; fileRef = C77FD0E928AC42900085AEF7 /* Roboto-Regular.ttf */; };
		C77FD0EC28AC42A20085AEF7 /* Roboto-Bold.ttf in Resources */ = {isa = PBXBuildFile; fileRef = C77FD0EB28AC42A20085AEF7 /* Roboto-Bold.ttf */; };
		C77FD0EF28AC43D70085AEF7 /* Inter-SemiBold.ttf in Resources */ = {isa = PBXBuildFile; fileRef = C77FD0EE28AC43D70085AEF7 /* Inter-SemiBold.ttf */; };
		C77FD0F128AC43F40085AEF7 /* Inter-Bold.ttf in Resources */ = {isa = PBXBuildFile; fileRef = C77FD0F028AC43F40085AEF7 /* Inter-Bold.ttf */; };
		C77FD0F328AC44070085AEF7 /* Inter-Black.ttf in Resources */ = {isa = PBXBuildFile; fileRef = C77FD0F228AC44070085AEF7 /* Inter-Black.ttf */; };
		C77FD0FA28AC55CD0085AEF7 /* OnBoardingViewController.swift in Sources */ = {isa = PBXBuildFile; fileRef = C77FD0F928AC55CD0085AEF7 /* OnBoardingViewController.swift */; };
		C77FD0FC28AC56130085AEF7 /* OnBoardingViewController.xib in Resources */ = {isa = PBXBuildFile; fileRef = C77FD0FB28AC56130085AEF7 /* OnBoardingViewController.xib */; };
		C78B27F828884543002F527E /* AppDelegate.swift in Sources */ = {isa = PBXBuildFile; fileRef = C78B27F728884543002F527E /* AppDelegate.swift */; };
		C78B27FA28884543002F527E /* SceneDelegate.swift in Sources */ = {isa = PBXBuildFile; fileRef = C78B27F928884543002F527E /* SceneDelegate.swift */; };
		C78B280128884544002F527E /* Assets.xcassets in Resources */ = {isa = PBXBuildFile; fileRef = C78B280028884544002F527E /* Assets.xcassets */; };
		C78B280428884544002F527E /* LaunchScreen.storyboard in Resources */ = {isa = PBXBuildFile; fileRef = C78B280228884544002F527E /* LaunchScreen.storyboard */; };
		C7B111DD28AD90DC0063B6EA /* GreetingsViewCell.xib in Resources */ = {isa = PBXBuildFile; fileRef = C7B111DC28AD90DC0063B6EA /* GreetingsViewCell.xib */; };
		C7B111DF28AD91030063B6EA /* GreetingsViewCell.swift in Sources */ = {isa = PBXBuildFile; fileRef = C7B111DE28AD91030063B6EA /* GreetingsViewCell.swift */; };
		C7B111E228AD9BF30063B6EA /* GreetingModel.swift in Sources */ = {isa = PBXBuildFile; fileRef = C7B111E128AD9BF30063B6EA /* GreetingModel.swift */; };
		C7CEA58228B6337E00378D82 /* OnBoardingViewModel.swift in Sources */ = {isa = PBXBuildFile; fileRef = C7CEA58128B6337E00378D82 /* OnBoardingViewModel.swift */; };
		C7FB55B02915803800F4AD1E /* MainCoordinator.swift in Sources */ = {isa = PBXBuildFile; fileRef = C7FB55AF2915803800F4AD1E /* MainCoordinator.swift */; };
		C7FB55B329158ABD00F4AD1E /* Greetings+Utils.swift in Sources */ = {isa = PBXBuildFile; fileRef = C7FB55B229158ABD00F4AD1E /* Greetings+Utils.swift */; };
		C7FB55B529159B4800F4AD1E /* ChildCoordinator.swift in Sources */ = {isa = PBXBuildFile; fileRef = C7FB55B429159B4800F4AD1E /* ChildCoordinator.swift */; };
		C7FB55B829159BD100F4AD1E /* OnBoardingCoordinator.swift in Sources */ = {isa = PBXBuildFile; fileRef = C7FB55B729159BD100F4AD1E /* OnBoardingCoordinator.swift */; };
		C7FB55BB29159FEB00F4AD1E /* SessionsCoordinator.swift in Sources */ = {isa = PBXBuildFile; fileRef = C7FB55BA29159FEB00F4AD1E /* SessionsCoordinator.swift */; };
/* End PBXBuildFile section */

/* Begin PBXFileReference section */
		C77FD0E528AC42370085AEF7 /* Roboto-Medium.ttf */ = {isa = PBXFileReference; lastKnownFileType = file; path = "Roboto-Medium.ttf"; sourceTree = "<group>"; };
		C77FD0E728AC427A0085AEF7 /* Roboto-Black.ttf */ = {isa = PBXFileReference; lastKnownFileType = file; path = "Roboto-Black.ttf"; sourceTree = "<group>"; };
		C77FD0E928AC42900085AEF7 /* Roboto-Regular.ttf */ = {isa = PBXFileReference; lastKnownFileType = file; path = "Roboto-Regular.ttf"; sourceTree = "<group>"; };
		C77FD0EB28AC42A20085AEF7 /* Roboto-Bold.ttf */ = {isa = PBXFileReference; lastKnownFileType = file; path = "Roboto-Bold.ttf"; sourceTree = "<group>"; };
		C77FD0EE28AC43D70085AEF7 /* Inter-SemiBold.ttf */ = {isa = PBXFileReference; lastKnownFileType = file; path = "Inter-SemiBold.ttf"; sourceTree = "<group>"; };
		C77FD0F028AC43F40085AEF7 /* Inter-Bold.ttf */ = {isa = PBXFileReference; lastKnownFileType = file; path = "Inter-Bold.ttf"; sourceTree = "<group>"; };
		C77FD0F228AC44070085AEF7 /* Inter-Black.ttf */ = {isa = PBXFileReference; lastKnownFileType = file; path = "Inter-Black.ttf"; sourceTree = "<group>"; };
		C77FD0F928AC55CD0085AEF7 /* OnBoardingViewController.swift */ = {isa = PBXFileReference; lastKnownFileType = sourcecode.swift; path = OnBoardingViewController.swift; sourceTree = "<group>"; };
		C77FD0FB28AC56130085AEF7 /* OnBoardingViewController.xib */ = {isa = PBXFileReference; lastKnownFileType = file.xib; path = OnBoardingViewController.xib; sourceTree = "<group>"; };
		C78B27F428884543002F527E /* controlsy.app */ = {isa = PBXFileReference; explicitFileType = wrapper.application; includeInIndex = 0; path = controlsy.app; sourceTree = BUILT_PRODUCTS_DIR; };
		C78B27F728884543002F527E /* AppDelegate.swift */ = {isa = PBXFileReference; lastKnownFileType = sourcecode.swift; path = AppDelegate.swift; sourceTree = "<group>"; };
		C78B27F928884543002F527E /* SceneDelegate.swift */ = {isa = PBXFileReference; lastKnownFileType = sourcecode.swift; path = SceneDelegate.swift; sourceTree = "<group>"; };
		C78B280028884544002F527E /* Assets.xcassets */ = {isa = PBXFileReference; lastKnownFileType = folder.assetcatalog; path = Assets.xcassets; sourceTree = "<group>"; };
		C78B280328884544002F527E /* Base */ = {isa = PBXFileReference; lastKnownFileType = file.storyboard; name = Base; path = Base.lproj/LaunchScreen.storyboard; sourceTree = "<group>"; };
		C78B280528884544002F527E /* Info.plist */ = {isa = PBXFileReference; lastKnownFileType = text.plist.xml; path = Info.plist; sourceTree = "<group>"; };
		C7B111DC28AD90DC0063B6EA /* GreetingsViewCell.xib */ = {isa = PBXFileReference; lastKnownFileType = file.xib; path = GreetingsViewCell.xib; sourceTree = "<group>"; };
		C7B111DE28AD91030063B6EA /* GreetingsViewCell.swift */ = {isa = PBXFileReference; lastKnownFileType = sourcecode.swift; path = GreetingsViewCell.swift; sourceTree = "<group>"; };
		C7B111E128AD9BF30063B6EA /* GreetingModel.swift */ = {isa = PBXFileReference; lastKnownFileType = sourcecode.swift; path = GreetingModel.swift; sourceTree = "<group>"; };
		C7CEA58128B6337E00378D82 /* OnBoardingViewModel.swift */ = {isa = PBXFileReference; lastKnownFileType = sourcecode.swift; path = OnBoardingViewModel.swift; sourceTree = "<group>"; };
		C7FB55AF2915803800F4AD1E /* MainCoordinator.swift */ = {isa = PBXFileReference; lastKnownFileType = sourcecode.swift; path = MainCoordinator.swift; sourceTree = "<group>"; };
		C7FB55B229158ABD00F4AD1E /* Greetings+Utils.swift */ = {isa = PBXFileReference; lastKnownFileType = sourcecode.swift; path = "Greetings+Utils.swift"; sourceTree = "<group>"; };
		C7FB55B429159B4800F4AD1E /* ChildCoordinator.swift */ = {isa = PBXFileReference; lastKnownFileType = sourcecode.swift; path = ChildCoordinator.swift; sourceTree = "<group>"; };
		C7FB55B729159BD100F4AD1E /* OnBoardingCoordinator.swift */ = {isa = PBXFileReference; lastKnownFileType = sourcecode.swift; path = OnBoardingCoordinator.swift; sourceTree = "<group>"; };
		C7FB55BA29159FEB00F4AD1E /* SessionsCoordinator.swift */ = {isa = PBXFileReference; lastKnownFileType = sourcecode.swift; path = SessionsCoordinator.swift; sourceTree = "<group>"; };
/* End PBXFileReference section */

/* Begin PBXFrameworksBuildPhase section */
		C78B27F128884543002F527E /* Frameworks */ = {
			isa = PBXFrameworksBuildPhase;
			buildActionMask = 2147483647;
			files = (
			);
			runOnlyForDeploymentPostprocessing = 0;
		};
/* End PBXFrameworksBuildPhase section */

/* Begin PBXGroup section */
		C77FD0E128AC41F50085AEF7 /* Fonts */ = {
			isa = PBXGroup;
			children = (
				C77FD0ED28AC42B70085AEF7 /* Inter */,
				C77FD0E228AC42010085AEF7 /* Roboto */,
			);
			path = Fonts;
			sourceTree = "<group>";
		};
		C77FD0E228AC42010085AEF7 /* Roboto */ = {
			isa = PBXGroup;
			children = (
				C77FD0EB28AC42A20085AEF7 /* Roboto-Bold.ttf */,
				C77FD0E928AC42900085AEF7 /* Roboto-Regular.ttf */,
				C77FD0E728AC427A0085AEF7 /* Roboto-Black.ttf */,
				C77FD0E528AC42370085AEF7 /* Roboto-Medium.ttf */,
			);
			path = Roboto;
			sourceTree = "<group>";
		};
		C77FD0ED28AC42B70085AEF7 /* Inter */ = {
			isa = PBXGroup;
			children = (
				C77FD0EE28AC43D70085AEF7 /* Inter-SemiBold.ttf */,
				C77FD0F028AC43F40085AEF7 /* Inter-Bold.ttf */,
				C77FD0F228AC44070085AEF7 /* Inter-Black.ttf */,
			);
			path = Inter;
			sourceTree = "<group>";
		};
		C77FD0F428AC46BC0085AEF7 /* App Sections */ = {
			isa = PBXGroup;
			children = (
				C7FB55AE2915802700F4AD1E /* Coordinator */,
				C77FD0F528AC46D70085AEF7 /* OnBoarding */,
				C77FD0F628AC46EE0085AEF7 /* Sessions */,
				C77FD0F728AC46F60085AEF7 /* Home */,
			);
			path = "App Sections";
			sourceTree = "<group>";
		};
		C77FD0F528AC46D70085AEF7 /* OnBoarding */ = {
			isa = PBXGroup;
			children = (
				C77FD0F828AC55AD0085AEF7 /* Views */,
				C7CEA58028B6336700378D82 /* ViewModels */,
				C7B111E028AD9BE40063B6EA /* Models */,
				C7FB55B629159BAA00F4AD1E /* Coordinators */,
				C7FB55B129158A6F00F4AD1E /* Utils */,
			);
			path = OnBoarding;
			sourceTree = "<group>";
		};
		C77FD0F628AC46EE0085AEF7 /* Sessions */ = {
			isa = PBXGroup;
			children = (
				C7FB55B929159FC700F4AD1E /* Coordinators */,
			);
			path = Sessions;
			sourceTree = "<group>";
		};
		C77FD0F728AC46F60085AEF7 /* Home */ = {
			isa = PBXGroup;
			children = (
			);
			path = Home;
			sourceTree = "<group>";
		};
		C77FD0F828AC55AD0085AEF7 /* Views */ = {
			isa = PBXGroup;
			children = (
				C7B111DB28AD8E8E0063B6EA /* Cell */,
				C77FD0F928AC55CD0085AEF7 /* OnBoardingViewController.swift */,
				C77FD0FB28AC56130085AEF7 /* OnBoardingViewController.xib */,
			);
			path = Views;
			sourceTree = "<group>";
		};
		C78B27EB28884543002F527E = {
			isa = PBXGroup;
			children = (
				C78B27F628884543002F527E /* controlsy */,
				C78B27F528884543002F527E /* Products */,
			);
			sourceTree = "<group>";
		};
		C78B27F528884543002F527E /* Products */ = {
			isa = PBXGroup;
			children = (
				C78B27F428884543002F527E /* controlsy.app */,
			);
			name = Products;
			sourceTree = "<group>";
		};
		C78B27F628884543002F527E /* controlsy */ = {
			isa = PBXGroup;
			children = (
				C78B280C28884831002F527E /* Sources */,
				C78B280B28884829002F527E /* Resources */,
			);
			path = controlsy;
			sourceTree = "<group>";
		};
		C78B280B28884829002F527E /* Resources */ = {
			isa = PBXGroup;
			children = (
				C77FD0E128AC41F50085AEF7 /* Fonts */,
				C78B280028884544002F527E /* Assets.xcassets */,
				C78B280228884544002F527E /* LaunchScreen.storyboard */,
				C78B280528884544002F527E /* Info.plist */,
			);
			path = Resources;
			sourceTree = "<group>";
		};
		C78B280C28884831002F527E /* Sources */ = {
			isa = PBXGroup;
			children = (
				C78B27F728884543002F527E /* AppDelegate.swift */,
				C78B27F928884543002F527E /* SceneDelegate.swift */,
				C77FD0F428AC46BC0085AEF7 /* App Sections */,
			);
			path = Sources;
			sourceTree = "<group>";
		};
		C7B111DB28AD8E8E0063B6EA /* Cell */ = {
			isa = PBXGroup;
			children = (
				C7B111DC28AD90DC0063B6EA /* GreetingsViewCell.xib */,
				C7B111DE28AD91030063B6EA /* GreetingsViewCell.swift */,
			);
			path = Cell;
			sourceTree = "<group>";
		};
		C7B111E028AD9BE40063B6EA /* Models */ = {
			isa = PBXGroup;
			children = (
				C7B111E128AD9BF30063B6EA /* GreetingModel.swift */,
			);
			path = Models;
			sourceTree = "<group>";
		};
		C7CEA58028B6336700378D82 /* ViewModels */ = {
			isa = PBXGroup;
			children = (
				C7CEA58128B6337E00378D82 /* OnBoardingViewModel.swift */,
			);
			path = ViewModels;
			sourceTree = "<group>";
		};
		C7FB55AE2915802700F4AD1E /* Coordinator */ = {
			isa = PBXGroup;
			children = (
				C7FB55AF2915803800F4AD1E /* MainCoordinator.swift */,
				C7FB55B429159B4800F4AD1E /* ChildCoordinator.swift */,
			);
			path = Coordinator;
			sourceTree = "<group>";
		};
		C7FB55B129158A6F00F4AD1E /* Utils */ = {
			isa = PBXGroup;
			children = (
				C7FB55B229158ABD00F4AD1E /* Greetings+Utils.swift */,
			);
			path = Utils;
			sourceTree = "<group>";
		};
		C7FB55B629159BAA00F4AD1E /* Coordinators */ = {
			isa = PBXGroup;
			children = (
				C7FB55B729159BD100F4AD1E /* OnBoardingCoordinator.swift */,
			);
			path = Coordinators;
			sourceTree = "<group>";
		};
		C7FB55B929159FC700F4AD1E /* Coordinators */ = {
			isa = PBXGroup;
			children = (
				C7FB55BA29159FEB00F4AD1E /* SessionsCoordinator.swift */,
			);
			path = Coordinators;
			sourceTree = "<group>";
		};
/* End PBXGroup section */

/* Begin PBXNativeTarget section */
		C78B27F328884543002F527E /* controlsy */ = {
			isa = PBXNativeTarget;
			buildConfigurationList = C78B280828884544002F527E /* Build configuration list for PBXNativeTarget "controlsy" */;
			buildPhases = (
				C78B27F028884543002F527E /* Sources */,
				C78B27F128884543002F527E /* Frameworks */,
				C78B27F228884543002F527E /* Resources */,
			);
			buildRules = (
			);
			dependencies = (
			);
			name = controlsy;
			productName = controlsy;
			productReference = C78B27F428884543002F527E /* controlsy.app */;
			productType = "com.apple.product-type.application";
		};
/* End PBXNativeTarget section */

/* Begin PBXProject section */
		C78B27EC28884543002F527E /* Project object */ = {
			isa = PBXProject;
			attributes = {
				BuildIndependentTargetsInParallel = 1;
				LastSwiftUpdateCheck = 1330;
				LastUpgradeCheck = 1330;
				TargetAttributes = {
					C78B27F328884543002F527E = {
						CreatedOnToolsVersion = 13.3.1;
					};
				};
			};
			buildConfigurationList = C78B27EF28884543002F527E /* Build configuration list for PBXProject "controlsy" */;
			compatibilityVersion = "Xcode 13.0";
			developmentRegion = en;
			hasScannedForEncodings = 0;
			knownRegions = (
				en,
				Base,
			);
			mainGroup = C78B27EB28884543002F527E;
			productRefGroup = C78B27F528884543002F527E /* Products */;
			projectDirPath = "";
			projectRoot = "";
			targets = (
				C78B27F328884543002F527E /* controlsy */,
			);
		};
/* End PBXProject section */

/* Begin PBXResourcesBuildPhase section */
		C78B27F228884543002F527E /* Resources */ = {
			isa = PBXResourcesBuildPhase;
			buildActionMask = 2147483647;
			files = (
				C7B111DD28AD90DC0063B6EA /* GreetingsViewCell.xib in Resources */,
				C77FD0E628AC42370085AEF7 /* Roboto-Medium.ttf in Resources */,
				C77FD0FC28AC56130085AEF7 /* OnBoardingViewController.xib in Resources */,
				C77FD0F328AC44070085AEF7 /* Inter-Black.ttf in Resources */,
				C78B280428884544002F527E /* LaunchScreen.storyboard in Resources */,
				C77FD0F128AC43F40085AEF7 /* Inter-Bold.ttf in Resources */,
				C77FD0EC28AC42A20085AEF7 /* Roboto-Bold.ttf in Resources */,
				C77FD0EA28AC42900085AEF7 /* Roboto-Regular.ttf in Resources */,
				C78B280128884544002F527E /* Assets.xcassets in Resources */,
				C77FD0E828AC427A0085AEF7 /* Roboto-Black.ttf in Resources */,
				C77FD0EF28AC43D70085AEF7 /* Inter-SemiBold.ttf in Resources */,
			);
			runOnlyForDeploymentPostprocessing = 0;
		};
/* End PBXResourcesBuildPhase section */

/* Begin PBXSourcesBuildPhase section */
		C78B27F028884543002F527E /* Sources */ = {
			isa = PBXSourcesBuildPhase;
			buildActionMask = 2147483647;
			files = (
				C78B27F828884543002F527E /* AppDelegate.swift in Sources */,
				C7FB55BB29159FEB00F4AD1E /* SessionsCoordinator.swift in Sources */,
				C7FB55B02915803800F4AD1E /* MainCoordinator.swift in Sources */,
				C7B111DF28AD91030063B6EA /* GreetingsViewCell.swift in Sources */,
				C78B27FA28884543002F527E /* SceneDelegate.swift in Sources */,
				C7FB55B329158ABD00F4AD1E /* Greetings+Utils.swift in Sources */,
				C7CEA58228B6337E00378D82 /* OnBoardingViewModel.swift in Sources */,
				C7B111E228AD9BF30063B6EA /* GreetingModel.swift in Sources */,
				C7FB55B829159BD100F4AD1E /* OnBoardingCoordinator.swift in Sources */,
				C7FB55B529159B4800F4AD1E /* ChildCoordinator.swift in Sources */,
				C77FD0FA28AC55CD0085AEF7 /* OnBoardingViewController.swift in Sources */,
			);
			runOnlyForDeploymentPostprocessing = 0;
		};
/* End PBXSourcesBuildPhase section */

/* Begin PBXVariantGroup section */
		C78B280228884544002F527E /* LaunchScreen.storyboard */ = {
			isa = PBXVariantGroup;
			children = (
				C78B280328884544002F527E /* Base */,
			);
			name = LaunchScreen.storyboard;
			sourceTree = "<group>";
		};
/* End PBXVariantGroup section */

/* Begin XCBuildConfiguration section */
		C78B280628884544002F527E /* Debug */ = {
			isa = XCBuildConfiguration;
			buildSettings = {
				ALWAYS_SEARCH_USER_PATHS = NO;
				CLANG_ANALYZER_NONNULL = YES;
				CLANG_ANALYZER_NUMBER_OBJECT_CONVERSION = YES_AGGRESSIVE;
				CLANG_CXX_LANGUAGE_STANDARD = "gnu++17";
				CLANG_ENABLE_MODULES = YES;
				CLANG_ENABLE_OBJC_ARC = YES;
				CLANG_ENABLE_OBJC_WEAK = YES;
				CLANG_WARN_BLOCK_CAPTURE_AUTORELEASING = YES;
				CLANG_WARN_BOOL_CONVERSION = YES;
				CLANG_WARN_COMMA = YES;
				CLANG_WARN_CONSTANT_CONVERSION = YES;
				CLANG_WARN_DEPRECATED_OBJC_IMPLEMENTATIONS = YES;
				CLANG_WARN_DIRECT_OBJC_ISA_USAGE = YES_ERROR;
				CLANG_WARN_DOCUMENTATION_COMMENTS = YES;
				CLANG_WARN_EMPTY_BODY = YES;
				CLANG_WARN_ENUM_CONVERSION = YES;
				CLANG_WARN_INFINITE_RECURSION = YES;
				CLANG_WARN_INT_CONVERSION = YES;
				CLANG_WARN_NON_LITERAL_NULL_CONVERSION = YES;
				CLANG_WARN_OBJC_IMPLICIT_RETAIN_SELF = YES;
				CLANG_WARN_OBJC_LITERAL_CONVERSION = YES;
				CLANG_WARN_OBJC_ROOT_CLASS = YES_ERROR;
				CLANG_WARN_QUOTED_INCLUDE_IN_FRAMEWORK_HEADER = YES;
				CLANG_WARN_RANGE_LOOP_ANALYSIS = YES;
				CLANG_WARN_STRICT_PROTOTYPES = YES;
				CLANG_WARN_SUSPICIOUS_MOVE = YES;
				CLANG_WARN_UNGUARDED_AVAILABILITY = YES_AGGRESSIVE;
				CLANG_WARN_UNREACHABLE_CODE = YES;
				CLANG_WARN__DUPLICATE_METHOD_MATCH = YES;
				COPY_PHASE_STRIP = NO;
				DEBUG_INFORMATION_FORMAT = dwarf;
				ENABLE_STRICT_OBJC_MSGSEND = YES;
				ENABLE_TESTABILITY = YES;
				GCC_C_LANGUAGE_STANDARD = gnu11;
				GCC_DYNAMIC_NO_PIC = NO;
				GCC_NO_COMMON_BLOCKS = YES;
				GCC_OPTIMIZATION_LEVEL = 0;
				GCC_PREPROCESSOR_DEFINITIONS = (
					"DEBUG=1",
					"$(inherited)",
				);
				GCC_WARN_64_TO_32_BIT_CONVERSION = YES;
				GCC_WARN_ABOUT_RETURN_TYPE = YES_ERROR;
				GCC_WARN_UNDECLARED_SELECTOR = YES;
				GCC_WARN_UNINITIALIZED_AUTOS = YES_AGGRESSIVE;
				GCC_WARN_UNUSED_FUNCTION = YES;
				GCC_WARN_UNUSED_VARIABLE = YES;
				IPHONEOS_DEPLOYMENT_TARGET = 15.4;
				MTL_ENABLE_DEBUG_INFO = INCLUDE_SOURCE;
				MTL_FAST_MATH = YES;
				ONLY_ACTIVE_ARCH = YES;
				SDKROOT = iphoneos;
				SWIFT_ACTIVE_COMPILATION_CONDITIONS = DEBUG;
				SWIFT_OPTIMIZATION_LEVEL = "-Onone";
			};
			name = Debug;
		};
		C78B280728884544002F527E /* Release */ = {
			isa = XCBuildConfiguration;
			buildSettings = {
				ALWAYS_SEARCH_USER_PATHS = NO;
				CLANG_ANALYZER_NONNULL = YES;
				CLANG_ANALYZER_NUMBER_OBJECT_CONVERSION = YES_AGGRESSIVE;
				CLANG_CXX_LANGUAGE_STANDARD = "gnu++17";
				CLANG_ENABLE_MODULES = YES;
				CLANG_ENABLE_OBJC_ARC = YES;
				CLANG_ENABLE_OBJC_WEAK = YES;
				CLANG_WARN_BLOCK_CAPTURE_AUTORELEASING = YES;
				CLANG_WARN_BOOL_CONVERSION = YES;
				CLANG_WARN_COMMA = YES;
				CLANG_WARN_CONSTANT_CONVERSION = YES;
				CLANG_WARN_DEPRECATED_OBJC_IMPLEMENTATIONS = YES;
				CLANG_WARN_DIRECT_OBJC_ISA_USAGE = YES_ERROR;
				CLANG_WARN_DOCUMENTATION_COMMENTS = YES;
				CLANG_WARN_EMPTY_BODY = YES;
				CLANG_WARN_ENUM_CONVERSION = YES;
				CLANG_WARN_INFINITE_RECURSION = YES;
				CLANG_WARN_INT_CONVERSION = YES;
				CLANG_WARN_NON_LITERAL_NULL_CONVERSION = YES;
				CLANG_WARN_OBJC_IMPLICIT_RETAIN_SELF = YES;
				CLANG_WARN_OBJC_LITERAL_CONVERSION = YES;
				CLANG_WARN_OBJC_ROOT_CLASS = YES_ERROR;
				CLANG_WARN_QUOTED_INCLUDE_IN_FRAMEWORK_HEADER = YES;
				CLANG_WARN_RANGE_LOOP_ANALYSIS = YES;
				CLANG_WARN_STRICT_PROTOTYPES = YES;
				CLANG_WARN_SUSPICIOUS_MOVE = YES;
				CLANG_WARN_UNGUARDED_AVAILABILITY = YES_AGGRESSIVE;
				CLANG_WARN_UNREACHABLE_CODE = YES;
				CLANG_WARN__DUPLICATE_METHOD_MATCH = YES;
				COPY_PHASE_STRIP = NO;
				DEBUG_INFORMATION_FORMAT = "dwarf-with-dsym";
				ENABLE_NS_ASSERTIONS = NO;
				ENABLE_STRICT_OBJC_MSGSEND = YES;
				GCC_C_LANGUAGE_STANDARD = gnu11;
				GCC_NO_COMMON_BLOCKS = YES;
				GCC_WARN_64_TO_32_BIT_CONVERSION = YES;
				GCC_WARN_ABOUT_RETURN_TYPE = YES_ERROR;
				GCC_WARN_UNDECLARED_SELECTOR = YES;
				GCC_WARN_UNINITIALIZED_AUTOS = YES_AGGRESSIVE;
				GCC_WARN_UNUSED_FUNCTION = YES;
				GCC_WARN_UNUSED_VARIABLE = YES;
				IPHONEOS_DEPLOYMENT_TARGET = 15.4;
				MTL_ENABLE_DEBUG_INFO = NO;
				MTL_FAST_MATH = YES;
				SDKROOT = iphoneos;
				SWIFT_COMPILATION_MODE = wholemodule;
				SWIFT_OPTIMIZATION_LEVEL = "-O";
				VALIDATE_PRODUCT = YES;
			};
			name = Release;
		};
		C78B280928884544002F527E /* Debug */ = {
			isa = XCBuildConfiguration;
			buildSettings = {
				ASSETCATALOG_COMPILER_APPICON_NAME = AppIcon;
				ASSETCATALOG_COMPILER_GLOBAL_ACCENT_COLOR_NAME = AccentColor;
				CODE_SIGN_STYLE = Automatic;
				CURRENT_PROJECT_VERSION = 1;
				DEVELOPMENT_TEAM = C362HHR2VV;
				GENERATE_INFOPLIST_FILE = YES;
				INFOPLIST_FILE = controlsy/Resources/Info.plist;
				INFOPLIST_KEY_UIApplicationSupportsIndirectInputEvents = YES;
				INFOPLIST_KEY_UILaunchStoryboardName = LaunchScreen;
				INFOPLIST_KEY_UISupportedInterfaceOrientations = UIInterfaceOrientationPortrait;
				INFOPLIST_KEY_UISupportedInterfaceOrientations_iPad = "UIInterfaceOrientationPortrait UIInterfaceOrientationPortraitUpsideDown UIInterfaceOrientationLandscapeLeft UIInterfaceOrientationLandscapeRight";
				INFOPLIST_KEY_UISupportedInterfaceOrientations_iPhone = "UIInterfaceOrientationPortrait UIInterfaceOrientationLandscapeLeft UIInterfaceOrientationLandscapeRight";
				LD_RUNPATH_SEARCH_PATHS = (
					"$(inherited)",
					"@executable_path/Frameworks",
				);
				MARKETING_VERSION = 1.0;
				PRODUCT_BUNDLE_IDENTIFIER = com.gabrielrom.controlsy;
				PRODUCT_NAME = "$(TARGET_NAME)";
				SWIFT_EMIT_LOC_STRINGS = YES;
				SWIFT_VERSION = 5.0;
				TARGETED_DEVICE_FAMILY = 1;
			};
			name = Debug;
		};
		C78B280A28884544002F527E /* Release */ = {
			isa = XCBuildConfiguration;
			buildSettings = {
				ASSETCATALOG_COMPILER_APPICON_NAME = AppIcon;
				ASSETCATALOG_COMPILER_GLOBAL_ACCENT_COLOR_NAME = AccentColor;
				CODE_SIGN_STYLE = Automatic;
				CURRENT_PROJECT_VERSION = 1;
				DEVELOPMENT_TEAM = C362HHR2VV;
				GENERATE_INFOPLIST_FILE = YES;
				INFOPLIST_FILE = controlsy/Resources/Info.plist;
				INFOPLIST_KEY_UIApplicationSupportsIndirectInputEvents = YES;
				INFOPLIST_KEY_UILaunchStoryboardName = LaunchScreen;
				INFOPLIST_KEY_UISupportedInterfaceOrientations = UIInterfaceOrientationPortrait;
				INFOPLIST_KEY_UISupportedInterfaceOrientations_iPad = "UIInterfaceOrientationPortrait UIInterfaceOrientationPortraitUpsideDown UIInterfaceOrientationLandscapeLeft UIInterfaceOrientationLandscapeRight";
				INFOPLIST_KEY_UISupportedInterfaceOrientations_iPhone = "UIInterfaceOrientationPortrait UIInterfaceOrientationLandscapeLeft UIInterfaceOrientationLandscapeRight";
				LD_RUNPATH_SEARCH_PATHS = (
					"$(inherited)",
					"@executable_path/Frameworks",
				);
				MARKETING_VERSION = 1.0;
				PRODUCT_BUNDLE_IDENTIFIER = com.gabrielrom.controlsy;
				PRODUCT_NAME = "$(TARGET_NAME)";
				SWIFT_EMIT_LOC_STRINGS = YES;
				SWIFT_VERSION = 5.0;
				TARGETED_DEVICE_FAMILY = 1;
			};
			name = Release;
		};
/* End XCBuildConfiguration section */

/* Begin XCConfigurationList section */
		C78B27EF28884543002F527E /* Build configuration list for PBXProject "controlsy" */ = {
			isa = XCConfigurationList;
			buildConfigurations = (
				C78B280628884544002F527E /* Debug */,
				C78B280728884544002F527E /* Release */,
			);
			defaultConfigurationIsVisible = 0;
			defaultConfigurationName = Release;
		};
		C78B280828884544002F527E /* Build configuration list for PBXNativeTarget "controlsy" */ = {
			isa = XCConfigurationList;
			buildConfigurations = (
				C78B280928884544002F527E /* Debug */,
				C78B280A28884544002F527E /* Release */,
			);
			defaultConfigurationIsVisible = 0;
			defaultConfigurationName = Release;
		};
/* End XCConfigurationList section */
	};
	rootObject = C78B27EC28884543002F527E /* Project object */;
}
